// !$*UTF8*$!
{
	archiveVersion = 1;
	classes = {
	};
	objectVersion = 55;
	objects = {

/* Begin PBXBuildFile section */
		7472CAE5279196E900EB19D3 /* AppDelegate.swift in Sources */ = {isa = PBXBuildFile; fileRef = 7472CAE4279196E900EB19D3 /* AppDelegate.swift */; };
		7472CAE7279196E900EB19D3 /* SceneDelegate.swift in Sources */ = {isa = PBXBuildFile; fileRef = 7472CAE6279196E900EB19D3 /* SceneDelegate.swift */; };
		7472CAE9279196E900EB19D3 /* ViewController.swift in Sources */ = {isa = PBXBuildFile; fileRef = 7472CAE8279196E900EB19D3 /* ViewController.swift */; };
		7472CAEC279196E900EB19D3 /* Main.storyboard in Resources */ = {isa = PBXBuildFile; fileRef = 7472CAEA279196E900EB19D3 /* Main.storyboard */; };
		7472CAEE279196EB00EB19D3 /* Assets.xcassets in Resources */ = {isa = PBXBuildFile; fileRef = 7472CAED279196EB00EB19D3 /* Assets.xcassets */; };
		7472CAF1279196EB00EB19D3 /* LaunchScreen.storyboard in Resources */ = {isa = PBXBuildFile; fileRef = 7472CAEF279196EB00EB19D3 /* LaunchScreen.storyboard */; };
		7472CAFC279196EB00EB19D3 /* AutolayouDSLSampleTests.swift in Sources */ = {isa = PBXBuildFile; fileRef = 7472CAFB279196EB00EB19D3 /* AutolayouDSLSampleTests.swift */; };
		7472CB06279196EB00EB19D3 /* AutolayouDSLSampleUITests.swift in Sources */ = {isa = PBXBuildFile; fileRef = 7472CB05279196EB00EB19D3 /* AutolayouDSLSampleUITests.swift */; };
		7472CB08279196EB00EB19D3 /* AutolayouDSLSampleUITestsLaunchTests.swift in Sources */ = {isa = PBXBuildFile; fileRef = 7472CB07279196EB00EB19D3 /* AutolayouDSLSampleUITestsLaunchTests.swift */; };
		7472CB182791978600EB19D3 /* AutolayoutDSL in Frameworks */ = {isa = PBXBuildFile; productRef = 7472CB172791978600EB19D3 /* AutolayoutDSL */; };
		7472CB1A2791986400EB19D3 /* ViewControllerPreview.swift in Sources */ = {isa = PBXBuildFile; fileRef = 7472CB192791986400EB19D3 /* ViewControllerPreview.swift */; };
/* End PBXBuildFile section */

/* Begin PBXContainerItemProxy section */
		7472CAF8279196EB00EB19D3 /* PBXContainerItemProxy */ = {
			isa = PBXContainerItemProxy;
			containerPortal = 7472CAD9279196E900EB19D3 /* Project object */;
			proxyType = 1;
			remoteGlobalIDString = 7472CAE0279196E900EB19D3;
			remoteInfo = AutolayouDSLSample;
		};
		7472CB02279196EB00EB19D3 /* PBXContainerItemProxy */ = {
			isa = PBXContainerItemProxy;
			containerPortal = 7472CAD9279196E900EB19D3 /* Project object */;
			proxyType = 1;
			remoteGlobalIDString = 7472CAE0279196E900EB19D3;
			remoteInfo = AutolayouDSLSample;
		};
/* End PBXContainerItemProxy section */

/* Begin PBXFileReference section */
		7472CAE1279196E900EB19D3 /* AutolayouDSLSample.app */ = {isa = PBXFileReference; explicitFileType = wrapper.application; includeInIndex = 0; path = AutolayouDSLSample.app; sourceTree = BUILT_PRODUCTS_DIR; };
		7472CAE4279196E900EB19D3 /* AppDelegate.swift */ = {isa = PBXFileReference; lastKnownFileType = sourcecode.swift; path = AppDelegate.swift; sourceTree = "<group>"; };
		7472CAE6279196E900EB19D3 /* SceneDelegate.swift */ = {isa = PBXFileReference; lastKnownFileType = sourcecode.swift; path = SceneDelegate.swift; sourceTree = "<group>"; };
		7472CAE8279196E900EB19D3 /* ViewController.swift */ = {isa = PBXFileReference; lastKnownFileType = sourcecode.swift; path = ViewController.swift; sourceTree = "<group>"; };
		7472CAEB279196E900EB19D3 /* Base */ = {isa = PBXFileReference; lastKnownFileType = file.storyboard; name = Base; path = Base.lproj/Main.storyboard; sourceTree = "<group>"; };
		7472CAED279196EB00EB19D3 /* Assets.xcassets */ = {isa = PBXFileReference; lastKnownFileType = folder.assetcatalog; path = Assets.xcassets; sourceTree = "<group>"; };
		7472CAF0279196EB00EB19D3 /* Base */ = {isa = PBXFileReference; lastKnownFileType = file.storyboard; name = Base; path = Base.lproj/LaunchScreen.storyboard; sourceTree = "<group>"; };
		7472CAF2279196EB00EB19D3 /* Info.plist */ = {isa = PBXFileReference; lastKnownFileType = text.plist.xml; path = Info.plist; sourceTree = "<group>"; };
		7472CAF7279196EB00EB19D3 /* AutolayouDSLSampleTests.xctest */ = {isa = PBXFileReference; explicitFileType = wrapper.cfbundle; includeInIndex = 0; path = AutolayouDSLSampleTests.xctest; sourceTree = BUILT_PRODUCTS_DIR; };
		7472CAFB279196EB00EB19D3 /* AutolayouDSLSampleTests.swift */ = {isa = PBXFileReference; lastKnownFileType = sourcecode.swift; path = AutolayouDSLSampleTests.swift; sourceTree = "<group>"; };
		7472CB01279196EB00EB19D3 /* AutolayouDSLSampleUITests.xctest */ = {isa = PBXFileReference; explicitFileType = wrapper.cfbundle; includeInIndex = 0; path = AutolayouDSLSampleUITests.xctest; sourceTree = BUILT_PRODUCTS_DIR; };
		7472CB05279196EB00EB19D3 /* AutolayouDSLSampleUITests.swift */ = {isa = PBXFileReference; lastKnownFileType = sourcecode.swift; path = AutolayouDSLSampleUITests.swift; sourceTree = "<group>"; };
		7472CB07279196EB00EB19D3 /* AutolayouDSLSampleUITestsLaunchTests.swift */ = {isa = PBXFileReference; lastKnownFileType = sourcecode.swift; path = AutolayouDSLSampleUITestsLaunchTests.swift; sourceTree = "<group>"; };
		7472CB152791977200EB19D3 /* AutolayoutDSL */ = {isa = PBXFileReference; lastKnownFileType = wrapper; name = AutolayoutDSL; path = ../..; sourceTree = "<group>"; };
		7472CB192791986400EB19D3 /* ViewControllerPreview.swift */ = {isa = PBXFileReference; lastKnownFileType = sourcecode.swift; path = ViewControllerPreview.swift; sourceTree = "<group>"; };
/* End PBXFileReference section */

/* Begin PBXFrameworksBuildPhase section */
		7472CADE279196E900EB19D3 /* Frameworks */ = {
			isa = PBXFrameworksBuildPhase;
			buildActionMask = 2147483647;
			files = (
				7472CB182791978600EB19D3 /* AutolayoutDSL in Frameworks */,
			);
			runOnlyForDeploymentPostprocessing = 0;
		};
		7472CAF4279196EB00EB19D3 /* Frameworks */ = {
			isa = PBXFrameworksBuildPhase;
			buildActionMask = 2147483647;
			files = (
			);
			runOnlyForDeploymentPostprocessing = 0;
		};
		7472CAFE279196EB00EB19D3 /* Frameworks */ = {
			isa = PBXFrameworksBuildPhase;
			buildActionMask = 2147483647;
			files = (
			);
			runOnlyForDeploymentPostprocessing = 0;
		};
/* End PBXFrameworksBuildPhase section */

/* Begin PBXGroup section */
		7472CAD8279196E900EB19D3 = {
			isa = PBXGroup;
			children = (
				7472CB142791977200EB19D3 /* Packages */,
				7472CAE3279196E900EB19D3 /* AutolayouDSLSample */,
				7472CAFA279196EB00EB19D3 /* AutolayouDSLSampleTests */,
				7472CB04279196EB00EB19D3 /* AutolayouDSLSampleUITests */,
				7472CAE2279196E900EB19D3 /* Products */,
				7472CB162791978600EB19D3 /* Frameworks */,
			);
			sourceTree = "<group>";
		};
		7472CAE2279196E900EB19D3 /* Products */ = {
			isa = PBXGroup;
			children = (
				7472CAE1279196E900EB19D3 /* AutolayouDSLSample.app */,
				7472CAF7279196EB00EB19D3 /* AutolayouDSLSampleTests.xctest */,
				7472CB01279196EB00EB19D3 /* AutolayouDSLSampleUITests.xctest */,
			);
			name = Products;
			sourceTree = "<group>";
		};
		7472CAE3279196E900EB19D3 /* AutolayouDSLSample */ = {
			isa = PBXGroup;
			children = (
				7472CAE4279196E900EB19D3 /* AppDelegate.swift */,
				7472CAE6279196E900EB19D3 /* SceneDelegate.swift */,
				7472CAE8279196E900EB19D3 /* ViewController.swift */,
				7472CB192791986400EB19D3 /* ViewControllerPreview.swift */,
				7472CAEA279196E900EB19D3 /* Main.storyboard */,
				7472CAED279196EB00EB19D3 /* Assets.xcassets */,
				7472CAEF279196EB00EB19D3 /* LaunchScreen.storyboard */,
				7472CAF2279196EB00EB19D3 /* Info.plist */,
			);
			path = AutolayouDSLSample;
			sourceTree = "<group>";
		};
		7472CAFA279196EB00EB19D3 /* AutolayouDSLSampleTests */ = {
			isa = PBXGroup;
			children = (
				7472CAFB279196EB00EB19D3 /* AutolayouDSLSampleTests.swift */,
			);
			path = AutolayouDSLSampleTests;
			sourceTree = "<group>";
		};
		7472CB04279196EB00EB19D3 /* AutolayouDSLSampleUITests */ = {
			isa = PBXGroup;
			children = (
				7472CB05279196EB00EB19D3 /* AutolayouDSLSampleUITests.swift */,
				7472CB07279196EB00EB19D3 /* AutolayouDSLSampleUITestsLaunchTests.swift */,
			);
			path = AutolayouDSLSampleUITests;
			sourceTree = "<group>";
		};
		7472CB142791977200EB19D3 /* Packages */ = {
			isa = PBXGroup;
			children = (
				7472CB152791977200EB19D3 /* AutolayoutDSL */,
			);
			name = Packages;
			sourceTree = "<group>";
		};
		7472CB162791978600EB19D3 /* Frameworks */ = {
			isa = PBXGroup;
			children = (
			);
			name = Frameworks;
			sourceTree = "<group>";
		};
/* End PBXGroup section */

/* Begin PBXNativeTarget section */
		7472CAE0279196E900EB19D3 /* AutolayouDSLSample */ = {
			isa = PBXNativeTarget;
			buildConfigurationList = 7472CB0B279196EB00EB19D3 /* Build configuration list for PBXNativeTarget "AutolayouDSLSample" */;
			buildPhases = (
				7472CADD279196E900EB19D3 /* Sources */,
				7472CADE279196E900EB19D3 /* Frameworks */,
				7472CADF279196E900EB19D3 /* Resources */,
			);
			buildRules = (
			);
			dependencies = (
			);
			name = AutolayouDSLSample;
			packageProductDependencies = (
				7472CB172791978600EB19D3 /* AutolayoutDSL */,
			);
			productName = AutolayouDSLSample;
			productReference = 7472CAE1279196E900EB19D3 /* AutolayouDSLSample.app */;
			productType = "com.apple.product-type.application";
		};
		7472CAF6279196EB00EB19D3 /* AutolayouDSLSampleTests */ = {
			isa = PBXNativeTarget;
			buildConfigurationList = 7472CB0E279196EB00EB19D3 /* Build configuration list for PBXNativeTarget "AutolayouDSLSampleTests" */;
			buildPhases = (
				7472CAF3279196EB00EB19D3 /* Sources */,
				7472CAF4279196EB00EB19D3 /* Frameworks */,
				7472CAF5279196EB00EB19D3 /* Resources */,
			);
			buildRules = (
			);
			dependencies = (
				7472CAF9279196EB00EB19D3 /* PBXTargetDependency */,
			);
			name = AutolayouDSLSampleTests;
			productName = AutolayouDSLSampleTests;
			productReference = 7472CAF7279196EB00EB19D3 /* AutolayouDSLSampleTests.xctest */;
			productType = "com.apple.product-type.bundle.unit-test";
		};
		7472CB00279196EB00EB19D3 /* AutolayouDSLSampleUITests */ = {
			isa = PBXNativeTarget;
			buildConfigurationList = 7472CB11279196EB00EB19D3 /* Build configuration list for PBXNativeTarget "AutolayouDSLSampleUITests" */;
			buildPhases = (
				7472CAFD279196EB00EB19D3 /* Sources */,
				7472CAFE279196EB00EB19D3 /* Frameworks */,
				7472CAFF279196EB00EB19D3 /* Resources */,
			);
			buildRules = (
			);
			dependencies = (
				7472CB03279196EB00EB19D3 /* PBXTargetDependency */,
			);
			name = AutolayouDSLSampleUITests;
			productName = AutolayouDSLSampleUITests;
			productReference = 7472CB01279196EB00EB19D3 /* AutolayouDSLSampleUITests.xctest */;
			productType = "com.apple.product-type.bundle.ui-testing";
		};
/* End PBXNativeTarget section */

/* Begin PBXProject section */
		7472CAD9279196E900EB19D3 /* Project object */ = {
			isa = PBXProject;
			attributes = {
				BuildIndependentTargetsInParallel = 1;
				LastSwiftUpdateCheck = 1320;
				LastUpgradeCheck = 1320;
				TargetAttributes = {
					7472CAE0279196E900EB19D3 = {
						CreatedOnToolsVersion = 13.2.1;
					};
					7472CAF6279196EB00EB19D3 = {
						CreatedOnToolsVersion = 13.2.1;
						TestTargetID = 7472CAE0279196E900EB19D3;
					};
					7472CB00279196EB00EB19D3 = {
						CreatedOnToolsVersion = 13.2.1;
						TestTargetID = 7472CAE0279196E900EB19D3;
					};
				};
			};
			buildConfigurationList = 7472CADC279196E900EB19D3 /* Build configuration list for PBXProject "AutolayouDSLSample" */;
			compatibilityVersion = "Xcode 13.0";
			developmentRegion = en;
			hasScannedForEncodings = 0;
			knownRegions = (
				en,
				Base,
			);
			mainGroup = 7472CAD8279196E900EB19D3;
			productRefGroup = 7472CAE2279196E900EB19D3 /* Products */;
			projectDirPath = "";
			projectRoot = "";
			targets = (
				7472CAE0279196E900EB19D3 /* AutolayouDSLSample */,
				7472CAF6279196EB00EB19D3 /* AutolayouDSLSampleTests */,
				7472CB00279196EB00EB19D3 /* AutolayouDSLSampleUITests */,
			);
		};
/* End PBXProject section */

/* Begin PBXResourcesBuildPhase section */
		7472CADF279196E900EB19D3 /* Resources */ = {
			isa = PBXResourcesBuildPhase;
			buildActionMask = 2147483647;
			files = (
				7472CAF1279196EB00EB19D3 /* LaunchScreen.storyboard in Resources */,
				7472CAEE279196EB00EB19D3 /* Assets.xcassets in Resources */,
				7472CAEC279196E900EB19D3 /* Main.storyboard in Resources */,
			);
			runOnlyForDeploymentPostprocessing = 0;
		};
		7472CAF5279196EB00EB19D3 /* Resources */ = {
			isa = PBXResourcesBuildPhase;
			buildActionMask = 2147483647;
			files = (
			);
			runOnlyForDeploymentPostprocessing = 0;
		};
		7472CAFF279196EB00EB19D3 /* Resources */ = {
			isa = PBXResourcesBuildPhase;
			buildActionMask = 2147483647;
			files = (
			);
			runOnlyForDeploymentPostprocessing = 0;
		};
/* End PBXResourcesBuildPhase section */

/* Begin PBXSourcesBuildPhase section */
		7472CADD279196E900EB19D3 /* Sources */ = {
			isa = PBXSourcesBuildPhase;
			buildActionMask = 2147483647;
			files = (
				7472CAE9279196E900EB19D3 /* ViewController.swift in Sources */,
				7472CAE5279196E900EB19D3 /* AppDelegate.swift in Sources */,
				7472CAE7279196E900EB19D3 /* SceneDelegate.swift in Sources */,
				7472CB1A2791986400EB19D3 /* ViewControllerPreview.swift in Sources */,
			);
			runOnlyForDeploymentPostprocessing = 0;
		};
		7472CAF3279196EB00EB19D3 /* Sources */ = {
			isa = PBXSourcesBuildPhase;
			buildActionMask = 2147483647;
			files = (
				7472CAFC279196EB00EB19D3 /* AutolayouDSLSampleTests.swift in Sources */,
			);
			runOnlyForDeploymentPostprocessing = 0;
		};
		7472CAFD279196EB00EB19D3 /* Sources */ = {
			isa = PBXSourcesBuildPhase;
			buildActionMask = 2147483647;
			files = (
				7472CB08279196EB00EB19D3 /* AutolayouDSLSampleUITestsLaunchTests.swift in Sources */,
				7472CB06279196EB00EB19D3 /* AutolayouDSLSampleUITests.swift in Sources */,
			);
			runOnlyForDeploymentPostprocessing = 0;
		};
/* End PBXSourcesBuildPhase section */

/* Begin PBXTargetDependency section */
		7472CAF9279196EB00EB19D3 /* PBXTargetDependency */ = {
			isa = PBXTargetDependency;
			target = 7472CAE0279196E900EB19D3 /* AutolayouDSLSample */;
			targetProxy = 7472CAF8279196EB00EB19D3 /* PBXContainerItemProxy */;
		};
		7472CB03279196EB00EB19D3 /* PBXTargetDependency */ = {
			isa = PBXTargetDependency;
			target = 7472CAE0279196E900EB19D3 /* AutolayouDSLSample */;
			targetProxy = 7472CB02279196EB00EB19D3 /* PBXContainerItemProxy */;
		};
/* End PBXTargetDependency section */

/* Begin PBXVariantGroup section */
		7472CAEA279196E900EB19D3 /* Main.storyboard */ = {
			isa = PBXVariantGroup;
			children = (
				7472CAEB279196E900EB19D3 /* Base */,
			);
			name = Main.storyboard;
			sourceTree = "<group>";
		};
		7472CAEF279196EB00EB19D3 /* LaunchScreen.storyboard */ = {
			isa = PBXVariantGroup;
			children = (
				7472CAF0279196EB00EB19D3 /* Base */,
			);
			name = LaunchScreen.storyboard;
			sourceTree = "<group>";
		};
/* End PBXVariantGroup section */

/* Begin XCBuildConfiguration section */
		7472CB09279196EB00EB19D3 /* Debug */ = {
			isa = XCBuildConfiguration;
			buildSettings = {
				ALWAYS_SEARCH_USER_PATHS = NO;
				CLANG_ANALYZER_NONNULL = YES;
				CLANG_ANALYZER_NUMBER_OBJECT_CONVERSION = YES_AGGRESSIVE;
				CLANG_CXX_LANGUAGE_STANDARD = "gnu++17";
				CLANG_CXX_LIBRARY = "libc++";
				CLANG_ENABLE_MODULES = YES;
				CLANG_ENABLE_OBJC_ARC = YES;
				CLANG_ENABLE_OBJC_WEAK = YES;
				CLANG_WARN_BLOCK_CAPTURE_AUTORELEASING = YES;
				CLANG_WARN_BOOL_CONVERSION = YES;
				CLANG_WARN_COMMA = YES;
				CLANG_WARN_CONSTANT_CONVERSION = YES;
				CLANG_WARN_DEPRECATED_OBJC_IMPLEMENTATIONS = YES;
				CLANG_WARN_DIRECT_OBJC_ISA_USAGE = YES_ERROR;
				CLANG_WARN_DOCUMENTATION_COMMENTS = YES;
				CLANG_WARN_EMPTY_BODY = YES;
				CLANG_WARN_ENUM_CONVERSION = YES;
				CLANG_WARN_INFINITE_RECURSION = YES;
				CLANG_WARN_INT_CONVERSION = YES;
				CLANG_WARN_NON_LITERAL_NULL_CONVERSION = YES;
				CLANG_WARN_OBJC_IMPLICIT_RETAIN_SELF = YES;
				CLANG_WARN_OBJC_LITERAL_CONVERSION = YES;
				CLANG_WARN_OBJC_ROOT_CLASS = YES_ERROR;
				CLANG_WARN_QUOTED_INCLUDE_IN_FRAMEWORK_HEADER = YES;
				CLANG_WARN_RANGE_LOOP_ANALYSIS = YES;
				CLANG_WARN_STRICT_PROTOTYPES = YES;
				CLANG_WARN_SUSPICIOUS_MOVE = YES;
				CLANG_WARN_UNGUARDED_AVAILABILITY = YES_AGGRESSIVE;
				CLANG_WARN_UNREACHABLE_CODE = YES;
				CLANG_WARN__DUPLICATE_METHOD_MATCH = YES;
				COPY_PHASE_STRIP = NO;
				DEBUG_INFORMATION_FORMAT = dwarf;
				ENABLE_STRICT_OBJC_MSGSEND = YES;
				ENABLE_TESTABILITY = YES;
				GCC_C_LANGUAGE_STANDARD = gnu11;
				GCC_DYNAMIC_NO_PIC = NO;
				GCC_NO_COMMON_BLOCKS = YES;
				GCC_OPTIMIZATION_LEVEL = 0;
				GCC_PREPROCESSOR_DEFINITIONS = (
					"DEBUG=1",
					"$(inherited)",
				);
				GCC_WARN_64_TO_32_BIT_CONVERSION = YES;
				GCC_WARN_ABOUT_RETURN_TYPE = YES_ERROR;
				GCC_WARN_UNDECLARED_SELECTOR = YES;
				GCC_WARN_UNINITIALIZED_AUTOS = YES_AGGRESSIVE;
				GCC_WARN_UNUSED_FUNCTION = YES;
				GCC_WARN_UNUSED_VARIABLE = YES;
				IPHONEOS_DEPLOYMENT_TARGET = 15.2;
				MTL_ENABLE_DEBUG_INFO = INCLUDE_SOURCE;
				MTL_FAST_MATH = YES;
				ONLY_ACTIVE_ARCH = YES;
				SDKROOT = iphoneos;
				SWIFT_ACTIVE_COMPILATION_CONDITIONS = DEBUG;
				SWIFT_OPTIMIZATION_LEVEL = "-Onone";
			};
			name = Debug;
		};
		7472CB0A279196EB00EB19D3 /* Release */ = {
			isa = XCBuildConfiguration;
			buildSettings = {
				ALWAYS_SEARCH_USER_PATHS = NO;
				CLANG_ANALYZER_NONNULL = YES;
				CLANG_ANALYZER_NUMBER_OBJECT_CONVERSION = YES_AGGRESSIVE;
				CLANG_CXX_LANGUAGE_STANDARD = "gnu++17";
				CLANG_CXX_LIBRARY = "libc++";
				CLANG_ENABLE_MODULES = YES;
				CLANG_ENABLE_OBJC_ARC = YES;
				CLANG_ENABLE_OBJC_WEAK = YES;
				CLANG_WARN_BLOCK_CAPTURE_AUTORELEASING = YES;
				CLANG_WARN_BOOL_CONVERSION = YES;
				CLANG_WARN_COMMA = YES;
				CLANG_WARN_CONSTANT_CONVERSION = YES;
				CLANG_WARN_DEPRECATED_OBJC_IMPLEMENTATIONS = YES;
				CLANG_WARN_DIRECT_OBJC_ISA_USAGE = YES_ERROR;
				CLANG_WARN_DOCUMENTATION_COMMENTS = YES;
				CLANG_WARN_EMPTY_BODY = YES;
				CLANG_WARN_ENUM_CONVERSION = YES;
				CLANG_WARN_INFINITE_RECURSION = YES;
				CLANG_WARN_INT_CONVERSION = YES;
				CLANG_WARN_NON_LITERAL_NULL_CONVERSION = YES;
				CLANG_WARN_OBJC_IMPLICIT_RETAIN_SELF = YES;
				CLANG_WARN_OBJC_LITERAL_CONVERSION = YES;
				CLANG_WARN_OBJC_ROOT_CLASS = YES_ERROR;
				CLANG_WARN_QUOTED_INCLUDE_IN_FRAMEWORK_HEADER = YES;
				CLANG_WARN_RANGE_LOOP_ANALYSIS = YES;
				CLANG_WARN_STRICT_PROTOTYPES = YES;
				CLANG_WARN_SUSPICIOUS_MOVE = YES;
				CLANG_WARN_UNGUARDED_AVAILABILITY = YES_AGGRESSIVE;
				CLANG_WARN_UNREACHABLE_CODE = YES;
				CLANG_WARN__DUPLICATE_METHOD_MATCH = YES;
				COPY_PHASE_STRIP = NO;
				DEBUG_INFORMATION_FORMAT = "dwarf-with-dsym";
				ENABLE_NS_ASSERTIONS = NO;
				ENABLE_STRICT_OBJC_MSGSEND = YES;
				GCC_C_LANGUAGE_STANDARD = gnu11;
				GCC_NO_COMMON_BLOCKS = YES;
				GCC_WARN_64_TO_32_BIT_CONVERSION = YES;
				GCC_WARN_ABOUT_RETURN_TYPE = YES_ERROR;
				GCC_WARN_UNDECLARED_SELECTOR = YES;
				GCC_WARN_UNINITIALIZED_AUTOS = YES_AGGRESSIVE;
				GCC_WARN_UNUSED_FUNCTION = YES;
				GCC_WARN_UNUSED_VARIABLE = YES;
				IPHONEOS_DEPLOYMENT_TARGET = 15.2;
				MTL_ENABLE_DEBUG_INFO = NO;
				MTL_FAST_MATH = YES;
				SDKROOT = iphoneos;
				SWIFT_COMPILATION_MODE = wholemodule;
				SWIFT_OPTIMIZATION_LEVEL = "-O";
				VALIDATE_PRODUCT = YES;
			};
			name = Release;
		};
		7472CB0C279196EB00EB19D3 /* Debug */ = {
			isa = XCBuildConfiguration;
			buildSettings = {
				ASSETCATALOG_COMPILER_APPICON_NAME = AppIcon;
				ASSETCATALOG_COMPILER_GLOBAL_ACCENT_COLOR_NAME = AccentColor;
				CODE_SIGN_STYLE = Automatic;
				CURRENT_PROJECT_VERSION = 1;
				GENERATE_INFOPLIST_FILE = YES;
				INFOPLIST_FILE = AutolayouDSLSample/Info.plist;
				INFOPLIST_KEY_UIApplicationSupportsIndirectInputEvents = YES;
				INFOPLIST_KEY_UILaunchStoryboardName = LaunchScreen;
				INFOPLIST_KEY_UIMainStoryboardFile = Main;
				INFOPLIST_KEY_UISupportedInterfaceOrientations_iPad = "UIInterfaceOrientationPortrait UIInterfaceOrientationPortraitUpsideDown UIInterfaceOrientationLandscapeLeft UIInterfaceOrientationLandscapeRight";
				INFOPLIST_KEY_UISupportedInterfaceOrientations_iPhone = "UIInterfaceOrientationPortrait UIInterfaceOrientationLandscapeLeft UIInterfaceOrientationLandscapeRight";
				LD_RUNPATH_SEARCH_PATHS = (
					"$(inherited)",
					"@executable_path/Frameworks",
				);
				MARKETING_VERSION = 1.0;
				PRODUCT_BUNDLE_IDENTIFIER = com.kakao.AutolayouDSLSample;
				PRODUCT_NAME = "$(TARGET_NAME)";
				SWIFT_EMIT_LOC_STRINGS = YES;
				SWIFT_VERSION = 5.0;
				TARGETED_DEVICE_FAMILY = "1,2";
			};
			name = Debug;
		};
		7472CB0D279196EB00EB19D3 /* Release */ = {
			isa = XCBuildConfiguration;
			buildSettings = {
				ASSETCATALOG_COMPILER_APPICON_NAME = AppIcon;
				ASSETCATALOG_COMPILER_GLOBAL_ACCENT_COLOR_NAME = AccentColor;
				CODE_SIGN_STYLE = Automatic;
				CURRENT_PROJECT_VERSION = 1;
				GENERATE_INFOPLIST_FILE = YES;
				INFOPLIST_FILE = AutolayouDSLSample/Info.plist;
				INFOPLIST_KEY_UIApplicationSupportsIndirectInputEvents = YES;
				INFOPLIST_KEY_UILaunchStoryboardName = LaunchScreen;
				INFOPLIST_KEY_UIMainStoryboardFile = Main;
				INFOPLIST_KEY_UISupportedInterfaceOrientations_iPad = "UIInterfaceOrientationPortrait UIInterfaceOrientationPortraitUpsideDown UIInterfaceOrientationLandscapeLeft UIInterfaceOrientationLandscapeRight";
				INFOPLIST_KEY_UISupportedInterfaceOrientations_iPhone = "UIInterfaceOrientationPortrait UIInterfaceOrientationLandscapeLeft UIInterfaceOrientationLandscapeRight";
				LD_RUNPATH_SEARCH_PATHS = (
					"$(inherited)",
					"@executable_path/Frameworks",
				);
				MARKETING_VERSION = 1.0;
				PRODUCT_BUNDLE_IDENTIFIER = com.kakao.AutolayouDSLSample;
				PRODUCT_NAME = "$(TARGET_NAME)";
				SWIFT_EMIT_LOC_STRINGS = YES;
				SWIFT_VERSION = 5.0;
				TARGETED_DEVICE_FAMILY = "1,2";
			};
			name = Release;
		};
		7472CB0F279196EB00EB19D3 /* Debug */ = {
			isa = XCBuildConfiguration;
			buildSettings = {
				ALWAYS_EMBED_SWIFT_STANDARD_LIBRARIES = YES;
				BUNDLE_LOADER = "$(TEST_HOST)";
				CODE_SIGN_STYLE = Automatic;
				CURRENT_PROJECT_VERSION = 1;
				GENERATE_INFOPLIST_FILE = YES;
				IPHONEOS_DEPLOYMENT_TARGET = 15.2;
				MARKETING_VERSION = 1.0;
				PRODUCT_BUNDLE_IDENTIFIER = com.kakao.AutolayouDSLSampleTests;
				PRODUCT_NAME = "$(TARGET_NAME)";
				SWIFT_EMIT_LOC_STRINGS = NO;
				SWIFT_VERSION = 5.0;
				TARGETED_DEVICE_FAMILY = "1,2";
				TEST_HOST = "$(BUILT_PRODUCTS_DIR)/AutolayouDSLSample.app/AutolayouDSLSample";
			};
			name = Debug;
		};
		7472CB10279196EB00EB19D3 /* Release */ = {
			isa = XCBuildConfiguration;
			buildSettings = {
				ALWAYS_EMBED_SWIFT_STANDARD_LIBRARIES = YES;
				BUNDLE_LOADER = "$(TEST_HOST)";
				CODE_SIGN_STYLE = Automatic;
				CURRENT_PROJECT_VERSION = 1;
				GENERATE_INFOPLIST_FILE = YES;
				IPHONEOS_DEPLOYMENT_TARGET = 15.2;
				MARKETING_VERSION = 1.0;
				PRODUCT_BUNDLE_IDENTIFIER = com.kakao.AutolayouDSLSampleTests;
				PRODUCT_NAME = "$(TARGET_NAME)";
				SWIFT_EMIT_LOC_STRINGS = NO;
				SWIFT_VERSION = 5.0;
				TARGETED_DEVICE_FAMILY = "1,2";
				TEST_HOST = "$(BUILT_PRODUCTS_DIR)/AutolayouDSLSample.app/AutolayouDSLSample";
			};
			name = Release;
		};
		7472CB12279196EB00EB19D3 /* Debug */ = {
			isa = XCBuildConfiguration;
			buildSettings = {
				ALWAYS_EMBED_SWIFT_STANDARD_LIBRARIES = YES;
				CODE_SIGN_STYLE = Automatic;
				CURRENT_PROJECT_VERSION = 1;
				GENERATE_INFOPLIST_FILE = YES;
				MARKETING_VERSION = 1.0;
				PRODUCT_BUNDLE_IDENTIFIER = com.kakao.AutolayouDSLSampleUITests;
				PRODUCT_NAME = "$(TARGET_NAME)";
				SWIFT_EMIT_LOC_STRINGS = NO;
				SWIFT_VERSION = 5.0;
				TARGETED_DEVICE_FAMILY = "1,2";
				TEST_TARGET_NAME = AutolayouDSLSample;
			};
			name = Debug;
		};
		7472CB13279196EB00EB19D3 /* Release */ = {
			isa = XCBuildConfiguration;
			buildSettings = {
				ALWAYS_EMBED_SWIFT_STANDARD_LIBRARIES = YES;
				CODE_SIGN_STYLE = Automatic;
				CURRENT_PROJECT_VERSION = 1;
				GENERATE_INFOPLIST_FILE = YES;
				MARKETING_VERSION = 1.0;
				PRODUCT_BUNDLE_IDENTIFIER = com.kakao.AutolayouDSLSampleUITests;
				PRODUCT_NAME = "$(TARGET_NAME)";
				SWIFT_EMIT_LOC_STRINGS = NO;
				SWIFT_VERSION = 5.0;
				TARGETED_DEVICE_FAMILY = "1,2";
				TEST_TARGET_NAME = AutolayouDSLSample;
			};
			name = Release;
		};
/* End XCBuildConfiguration section */

/* Begin XCConfigurationList section */
		7472CADC279196E900EB19D3 /* Build configuration list for PBXProject "AutolayouDSLSample" */ = {
			isa = XCConfigurationList;
			buildConfigurations = (
				7472CB09279196EB00EB19D3 /* Debug */,
				7472CB0A279196EB00EB19D3 /* Release */,
			);
			defaultConfigurationIsVisible = 0;
			defaultConfigurationName = Release;
		};
		7472CB0B279196EB00EB19D3 /* Build configuration list for PBXNativeTarget "AutolayouDSLSample" */ = {
			isa = XCConfigurationList;
			buildConfigurations = (
				7472CB0C279196EB00EB19D3 /* Debug */,
				7472CB0D279196EB00EB19D3 /* Release */,
			);
			defaultConfigurationIsVisible = 0;
			defaultConfigurationName = Release;
		};
		7472CB0E279196EB00EB19D3 /* Build configuration list for PBXNativeTarget "AutolayouDSLSampleTests" */ = {
			isa = XCConfigurationList;
			buildConfigurations = (
				7472CB0F279196EB00EB19D3 /* Debug */,
				7472CB10279196EB00EB19D3 /* Release */,
			);
			defaultConfigurationIsVisible = 0;
			defaultConfigurationName = Release;
		};
		7472CB11279196EB00EB19D3 /* Build configuration list for PBXNativeTarget "AutolayouDSLSampleUITests" */ = {
			isa = XCConfigurationList;
			buildConfigurations = (
				7472CB12279196EB00EB19D3 /* Debug */,
				7472CB13279196EB00EB19D3 /* Release */,
			);
			defaultConfigurationIsVisible = 0;
			defaultConfigurationName = Release;
		};
/* End XCConfigurationList section */

/* Begin XCSwiftPackageProductDependency section */
		7472CB172791978600EB19D3 /* AutolayoutDSL */ = {
			isa = XCSwiftPackageProductDependency;
			productName = AutolayoutDSL;
		};
/* End XCSwiftPackageProductDependency section */
	};
	rootObject = 7472CAD9279196E900EB19D3 /* Project object */;
}
